
Microsoft Visual Studio Solution File, Format Version 12.00
# Visual Studio Version 17
VisualStudioVersion = 17.14.36212.18 d17.14
MinimumVisualStudioVersion = 10.0.40219.1
Project("{FAE04EC0-301F-11D3-BF4B-00C04F79EFBC}") = "TranVietTraLamMVC", "TranVietTraLamMVC\TranVietTraLamMVC.csproj", "{6962E902-B8F1-430A-A82C-123A29896D57}"
EndProject
Project("{FAE04EC0-301F-11D3-BF4B-00C04F79EFBC}") = "TranVietTraLam_Repositories", "TranVietTraLam_Repositories\TranVietTraLam_Repositories.csproj", "{3E0B2DC4-7CA3-4A84-A356-F5ADD3A0C430}"
EndProject
Project("{FAE04EC0-301F-11D3-BF4B-00C04F79EFBC}") = "TranVietTraLamMVC_Services", "TranVietTraLamMVC_Services\TranVietTraLamMVC_Services.csproj", "{5943F217-7C98-40C9-BBCE-276BFB964861}"
EndProject
Global
	GlobalSection(SolutionConfigurationPlatforms) = preSolution
		Debug|Any CPU = Debug|Any CPU
		Release|Any CPU = Release|Any CPU
	EndGlobalSection
	GlobalSection(ProjectConfigurationPlatforms) = postSolution
		{6962E902-B8F1-430A-A82C-123A29896D57}.Debug|Any CPU.ActiveCfg = Debug|Any CPU
		{6962E902-B8F1-430A-A82C-123A29896D57}.Debug|Any CPU.Build.0 = Debug|Any CPU
		{6962E902-B8F1-430A-A82C-123A29896D57}.Release|Any CPU.ActiveCfg = Release|Any CPU
		{6962E902-B8F1-430A-A82C-123A29896D57}.Release|Any CPU.Build.0 = Release|Any CPU
		{3E0B2DC4-7CA3-4A84-A356-F5ADD3A0C430}.Debug|Any CPU.ActiveCfg = Debug|Any CPU
		{3E0B2DC4-7CA3-4A84-A356-F5ADD3A0C430}.Debug|Any CPU.Build.0 = Debug|Any CPU
		{3E0B2DC4-7CA3-4A84-A356-F5ADD3A0C430}.Release|Any CPU.ActiveCfg = Release|Any CPU
		{3E0B2DC4-7CA3-4A84-A356-F5ADD3A0C430}.Release|Any CPU.Build.0 = Release|Any CPU
		{5943F217-7C98-40C9-BBCE-276BFB964861}.Debug|Any CPU.ActiveCfg = Debug|Any CPU
		{5943F217-7C98-40C9-BBCE-276BFB964861}.Debug|Any CPU.Build.0 = Debug|Any CPU
		{5943F217-7C98-40C9-BBCE-276BFB964861}.Release|Any CPU.ActiveCfg = Release|Any CPU
		{5943F217-7C98-40C9-BBCE-276BFB964861}.Release|Any CPU.Build.0 = Release|Any CPU
	EndGlobalSection
	GlobalSection(SolutionProperties) = preSolution
		HideSolutionNode = FALSE
	EndGlobalSection
	GlobalSection(ExtensibilityGlobals) = postSolution
		SolutionGuid = {F366D51B-E991-4207-AD29-6C2AF671C6E6}
	EndGlobalSection
EndGlobal
